// !$*UTF8*$!
{
	archiveVersion = 1;
	classes = {
	};
	objectVersion = 46;
	objects = {

/* Begin PBXBuildFile section */
		DAC5A6C51DD4F56600219602 /* AppDelegate.swift in Sources */ = {isa = PBXBuildFile; fileRef = DAC5A6C41DD4F56600219602 /* AppDelegate.swift */; };
		DAC5A6C71DD4F56600219602 /* ScannerViewController.swift in Sources */ = {isa = PBXBuildFile; fileRef = DAC5A6C61DD4F56600219602 /* ScannerViewController.swift */; };
		DAC5A6CA1DD4F56600219602 /* Main.storyboard in Resources */ = {isa = PBXBuildFile; fileRef = DAC5A6C81DD4F56600219602 /* Main.storyboard */; };
		DAC5A6CD1DD4F56600219602 /* barcode.xcdatamodeld in Sources */ = {isa = PBXBuildFile; fileRef = DAC5A6CB1DD4F56600219602 /* barcode.xcdatamodeld */; };
		DAC5A6CF1DD4F56600219602 /* Assets.xcassets in Resources */ = {isa = PBXBuildFile; fileRef = DAC5A6CE1DD4F56600219602 /* Assets.xcassets */; };
		DAC5A6D21DD4F56600219602 /* LaunchScreen.storyboard in Resources */ = {isa = PBXBuildFile; fileRef = DAC5A6D01DD4F56600219602 /* LaunchScreen.storyboard */; };
/* End PBXBuildFile section */

/* Begin PBXFileReference section */
		DAC5A6C11DD4F56600219602 /* barcode.app */ = {isa = PBXFileReference; explicitFileType = wrapper.application; includeInIndex = 0; path = barcode.app; sourceTree = BUILT_PRODUCTS_DIR; };
		DAC5A6C41DD4F56600219602 /* AppDelegate.swift */ = {isa = PBXFileReference; lastKnownFileType = sourcecode.swift; path = AppDelegate.swift; sourceTree = "<group>"; };
		DAC5A6C61DD4F56600219602 /* ScannerViewController.swift */ = {isa = PBXFileReference; lastKnownFileType = sourcecode.swift; path = ScannerViewController.swift; sourceTree = "<group>"; };
		DAC5A6C91DD4F56600219602 /* Base */ = {isa = PBXFileReference; lastKnownFileType = file.storyboard; name = Base; path = Base.lproj/Main.storyboard; sourceTree = "<group>"; };
		DAC5A6CC1DD4F56600219602 /* barcode.xcdatamodel */ = {isa = PBXFileReference; lastKnownFileType = wrapper.xcdatamodel; path = barcode.xcdatamodel; sourceTree = "<group>"; };
		DAC5A6CE1DD4F56600219602 /* Assets.xcassets */ = {isa = PBXFileReference; lastKnownFileType = folder.assetcatalog; path = Assets.xcassets; sourceTree = "<group>"; };
		DAC5A6D11DD4F56600219602 /* Base */ = {isa = PBXFileReference; lastKnownFileType = file.storyboard; name = Base; path = Base.lproj/LaunchScreen.storyboard; sourceTree = "<group>"; };
		DAC5A6D31DD4F56600219602 /* Info.plist */ = {isa = PBXFileReference; lastKnownFileType = text.plist.xml; path = Info.plist; sourceTree = "<group>"; };
/* End PBXFileReference section */

/* Begin PBXFrameworksBuildPhase section */
		DAC5A6BE1DD4F56500219602 /* Frameworks */ = {
			isa = PBXFrameworksBuildPhase;
			buildActionMask = 2147483647;
			files = (
			);
			runOnlyForDeploymentPostprocessing = 0;
		};
/* End PBXFrameworksBuildPhase section */

/* Begin PBXGroup section */
		DAC5A6B81DD4F56500219602 = {
			isa = PBXGroup;
			children = (
				DAC5A6C31DD4F56600219602 /* barcode */,
				DAC5A6C21DD4F56600219602 /* Products */,
			);
			sourceTree = "<group>";
		};
		DAC5A6C21DD4F56600219602 /* Products */ = {
			isa = PBXGroup;
			children = (
				DAC5A6C11DD4F56600219602 /* barcode.app */,
			);
			name = Products;
			sourceTree = "<group>";
		};
		DAC5A6C31DD4F56600219602 /* barcode */ = {
			isa = PBXGroup;
			children = (
				DAC5A6C41DD4F56600219602 /* AppDelegate.swift */,
				DAC5A6C61DD4F56600219602 /* ScannerViewController.swift */,
				DAC5A6C81DD4F56600219602 /* Main.storyboard */,
				DAC5A6CE1DD4F56600219602 /* Assets.xcassets */,
				DAC5A6D01DD4F56600219602 /* LaunchScreen.storyboard */,
				DAC5A6D31DD4F56600219602 /* Info.plist */,
				DAC5A6CB1DD4F56600219602 /* barcode.xcdatamodeld */,
			);
			path = barcode;
			sourceTree = "<group>";
		};
/* End PBXGroup section */

/* Begin PBXNativeTarget section */
		DAC5A6C01DD4F56500219602 /* barcode */ = {
			isa = PBXNativeTarget;
			buildConfigurationList = DAC5A6D61DD4F56600219602 /* Build configuration list for PBXNativeTarget "barcode" */;
			buildPhases = (
				DAC5A6BD1DD4F56500219602 /* Sources */,
				DAC5A6BE1DD4F56500219602 /* Frameworks */,
				DAC5A6BF1DD4F56500219602 /* Resources */,
			);
			buildRules = (
			);
			dependencies = (
			);
			name = barcode;
			productName = barcode;
			productReference = DAC5A6C11DD4F56600219602 /* barcode.app */;
			productType = "com.apple.product-type.application";
		};
/* End PBXNativeTarget section */

/* Begin PBXProject section */
		DAC5A6B91DD4F56500219602 /* Project object */ = {
			isa = PBXProject;
			attributes = {
				LastSwiftUpdateCheck = 0810;
				LastUpgradeCheck = 0810;
				ORGANIZATIONNAME = "Team IPC";
				TargetAttributes = {
					DAC5A6C01DD4F56500219602 = {
						CreatedOnToolsVersion = 8.1;
						DevelopmentTeam = WX4PJA7CCW;
						ProvisioningStyle = Automatic;
					};
				};
			};
			buildConfigurationList = DAC5A6BC1DD4F56500219602 /* Build configuration list for PBXProject "barcode" */;
			compatibilityVersion = "Xcode 3.2";
			developmentRegion = English;
			hasScannedForEncodings = 0;
			knownRegions = (
				en,
				Base,
			);
			mainGroup = DAC5A6B81DD4F56500219602;
			productRefGroup = DAC5A6C21DD4F56600219602 /* Products */;
			projectDirPath = "";
			projectRoot = "";
			targets = (
				DAC5A6C01DD4F56500219602 /* barcode */,
			);
		};
/* End PBXProject section */

/* Begin PBXResourcesBuildPhase section */
		DAC5A6BF1DD4F56500219602 /* Resources */ = {
			isa = PBXResourcesBuildPhase;
			buildActionMask = 2147483647;
			files = (
				DAC5A6D21DD4F56600219602 /* LaunchScreen.storyboard in Resources */,
				DAC5A6CF1DD4F56600219602 /* Assets.xcassets in Resources */,
				DAC5A6CA1DD4F56600219602 /* Main.storyboard in Resources */,
			);
			runOnlyForDeploymentPostprocessing = 0;
		};
/* End PBXResourcesBuildPhase section */

/* Begin PBXSourcesBuildPhase section */
		DAC5A6BD1DD4F56500219602 /* Sources */ = {
			isa = PBXSourcesBuildPhase;
			buildActionMask = 2147483647;
			files = (
				DAC5A6C71DD4F56600219602 /* ScannerViewController.swift in Sources */,
				DAC5A6CD1DD4F56600219602 /* barcode.xcdatamodeld in Sources */,
				DAC5A6C51DD4F56600219602 /* AppDelegate.swift in Sources */,
			);
			runOnlyForDeploymentPostprocessing = 0;
		};
/* End PBXSourcesBuildPhase section */

/* Begin PBXVariantGroup section */
		DAC5A6C81DD4F56600219602 /* Main.storyboard */ = {
			isa = PBXVariantGroup;
			children = (
				DAC5A6C91DD4F56600219602 /* Base */,
			);
			name = Main.storyboard;
			sourceTree = "<group>";
		};
		DAC5A6D01DD4F56600219602 /* LaunchScreen.storyboard */ = {
			isa = PBXVariantGroup;
			children = (
				DAC5A6D11DD4F56600219602 /* Base */,
			);
			name = LaunchScreen.storyboard;
			sourceTree = "<group>";
		};
/* End PBXVariantGroup section */

/* Begin XCBuildConfiguration section */
		DAC5A6D41DD4F56600219602 /* Debug */ = {
			isa = XCBuildConfiguration;
			buildSettings = {
				ALWAYS_SEARCH_USER_PATHS = NO;
				CLANG_ANALYZER_NONNULL = YES;
				CLANG_CXX_LANGUAGE_STANDARD = "gnu++0x";
				CLANG_CXX_LIBRARY = "libc++";
				CLANG_ENABLE_MODULES = YES;
				CLANG_ENABLE_OBJC_ARC = YES;
				CLANG_WARN_BOOL_CONVERSION = YES;
				CLANG_WARN_CONSTANT_CONVERSION = YES;
				CLANG_WARN_DIRECT_OBJC_ISA_USAGE = YES_ERROR;
				CLANG_WARN_DOCUMENTATION_COMMENTS = YES;
				CLANG_WARN_EMPTY_BODY = YES;
				CLANG_WARN_ENUM_CONVERSION = YES;
				CLANG_WARN_INFINITE_RECURSION = YES;
				CLANG_WARN_INT_CONVERSION = YES;
				CLANG_WARN_OBJC_ROOT_CLASS = YES_ERROR;
				CLANG_WARN_SUSPICIOUS_MOVES = YES;
				CLANG_WARN_UNREACHABLE_CODE = YES;
				CLANG_WARN__DUPLICATE_METHOD_MATCH = YES;
				"CODE_SIGN_IDENTITY[sdk=iphoneos*]" = "iPhone Developer";
				COPY_PHASE_STRIP = NO;
				DEBUG_INFORMATION_FORMAT = dwarf;
				ENABLE_STRICT_OBJC_MSGSEND = YES;
				ENABLE_TESTABILITY = YES;
				GCC_C_LANGUAGE_STANDARD = gnu99;
				GCC_DYNAMIC_NO_PIC = NO;
				GCC_NO_COMMON_BLOCKS = YES;
				GCC_OPTIMIZATION_LEVEL = 0;
				GCC_PREPROCESSOR_DEFINITIONS = (
					"DEBUG=1",
					"$(inherited)",
				);
				GCC_WARN_64_TO_32_BIT_CONVERSION = YES;
				GCC_WARN_ABOUT_RETURN_TYPE = YES_ERROR;
				GCC_WARN_UNDECLARED_SELECTOR = YES;
				GCC_WARN_UNINITIALIZED_AUTOS = YES_AGGRESSIVE;
				GCC_WARN_UNUSED_FUNCTION = YES;
				GCC_WARN_UNUSED_VARIABLE = YES;
				IPHONEOS_DEPLOYMENT_TARGET = 10.1;
				MTL_ENABLE_DEBUG_INFO = YES;
				ONLY_ACTIVE_ARCH = YES;
				SDKROOT = iphoneos;
				SWIFT_ACTIVE_COMPILATION_CONDITIONS = DEBUG;
				SWIFT_OPTIMIZATION_LEVEL = "-Onone";
				TARGETED_DEVICE_FAMILY = 2;
			};
			name = Debug;
		};
		DAC5A6D51DD4F56600219602 /* Release */ = {
			isa = XCBuildConfiguration;
			buildSettings = {
				ALWAYS_SEARCH_USER_PATHS = NO;
				CLANG_ANALYZER_NONNULL = YES;
				CLANG_CXX_LANGUAGE_STANDARD = "gnu++0x";
				CLANG_CXX_LIBRARY = "libc++";
				CLANG_ENABLE_MODULES = YES;
				CLANG_ENABLE_OBJC_ARC = YES;
				CLANG_WARN_BOOL_CONVERSION = YES;
				CLANG_WARN_CONSTANT_CONVERSION = YES;
				CLANG_WARN_DIRECT_OBJC_ISA_USAGE = YES_ERROR;
				CLANG_WARN_DOCUMENTATION_COMMENTS = YES;
				CLANG_WARN_EMPTY_BODY = YES;
				CLANG_WARN_ENUM_CONVERSION = YES;
				CLANG_WARN_INFINITE_RECURSION = YES;
				CLANG_WARN_INT_CONVERSION = YES;
				CLANG_WARN_OBJC_ROOT_CLASS = YES_ERROR;
				CLANG_WARN_SUSPICIOUS_MOVES = YES;
				CLANG_WARN_UNREACHABLE_CODE = YES;
				CLANG_WARN__DUPLICATE_METHOD_MATCH = YES;
				"CODE_SIGN_IDENTITY[sdk=iphoneos*]" = "iPhone Developer";
				COPY_PHASE_STRIP = NO;
				DEBUG_INFORMATION_FORMAT = "dwarf-with-dsym";
				ENABLE_NS_ASSERTIONS = NO;
				ENABLE_STRICT_OBJC_MSGSEND = YES;
				GCC_C_LANGUAGE_STANDARD = gnu99;
				GCC_NO_COMMON_BLOCKS = YES;
				GCC_WARN_64_TO_32_BIT_CONVERSION = YES;
				GCC_WARN_ABOUT_RETURN_TYPE = YES_ERROR;
				GCC_WARN_UNDECLARED_SELECTOR = YES;
				GCC_WARN_UNINITIALIZED_AUTOS = YES_AGGRESSIVE;
				GCC_WARN_UNUSED_FUNCTION = YES;
				GCC_WARN_UNUSED_VARIABLE = YES;
				IPHONEOS_DEPLOYMENT_TARGET = 10.1;
				MTL_ENABLE_DEBUG_INFO = NO;
				SDKROOT = iphoneos;
				SWIFT_OPTIMIZATION_LEVEL = "-Owholemodule";
				TARGETED_DEVICE_FAMILY = 2;
				VALIDATE_PRODUCT = YES;
			};
			name = Release;
		};
		DAC5A6D71DD4F56600219602 /* Debug */ = {
			isa = XCBuildConfiguration;
			buildSettings = {
				ASSETCATALOG_COMPILER_APPICON_NAME = AppIcon;
				DEVELOPMENT_TEAM = WX4PJA7CCW;
				INFOPLIST_FILE = barcode/Info.plist;
				LD_RUNPATH_SEARCH_PATHS = "$(inherited) @executable_path/Frameworks";
				PRODUCT_BUNDLE_IDENTIFIER = com.teamipc.barcode;
				PRODUCT_NAME = "$(TARGET_NAME)";
				SWIFT_VERSION = 3.0;
				TARGETED_DEVICE_FAMILY = 1;
			};
			name = Debug;
		};
		DAC5A6D81DD4F56600219602 /* Release */ = {
			isa = XCBuildConfiguration;
			buildSettings = {
				ASSETCATALOG_COMPILER_APPICON_NAME = AppIcon;
				DEVELOPMENT_TEAM = WX4PJA7CCW;
				INFOPLIST_FILE = barcode/Info.plist;
				LD_RUNPATH_SEARCH_PATHS = "$(inherited) @executable_path/Frameworks";
				PRODUCT_BUNDLE_IDENTIFIER = com.teamipc.barcode;
				PRODUCT_NAME = "$(TARGET_NAME)";
				SWIFT_VERSION = 3.0;
				TARGETED_DEVICE_FAMILY = 1;
			};
			name = Release;
		};
/* End XCBuildConfiguration section */

/* Begin XCConfigurationList section */
		DAC5A6BC1DD4F56500219602 /* Build configuration list for PBXProject "barcode" */ = {
			isa = XCConfigurationList;
			buildConfigurations = (
				DAC5A6D41DD4F56600219602 /* Debug */,
				DAC5A6D51DD4F56600219602 /* Release */,
			);
			defaultConfigurationIsVisible = 0;
			defaultConfigurationName = Release;
		};
		DAC5A6D61DD4F56600219602 /* Build configuration list for PBXNativeTarget "barcode" */ = {
			isa = XCConfigurationList;
			buildConfigurations = (
				DAC5A6D71DD4F56600219602 /* Debug */,
				DAC5A6D81DD4F56600219602 /* Release */,
			);
			defaultConfigurationIsVisible = 0;
		};
/* End XCConfigurationList section */

/* Begin XCVersionGroup section */
		DAC5A6CB1DD4F56600219602 /* barcode.xcdatamodeld */ = {
			isa = XCVersionGroup;
			children = (
				DAC5A6CC1DD4F56600219602 /* barcode.xcdatamodel */,
			);
			currentVersion = DAC5A6CC1DD4F56600219602 /* barcode.xcdatamodel */;
			path = barcode.xcdatamodeld;
			sourceTree = "<group>";
			versionGroupType = wrapper.xcdatamodel;
		};
/* End XCVersionGroup section */
	};
	rootObject = DAC5A6B91DD4F56500219602 /* Project object */;
}
